Microsoft Visual Studio Solution File, Format Version 11.00
# Visual Studio 2008

Project("{E81E8A5B-8845-590E-5DF7-BBF50FAE581B}") = "FirstGame2d", "Assembly-CSharp.csproj", "{AF2D3EA7-9419-0439-DF33-ED0DA921B9BB}"
EndProject
Global
	GlobalSection(SolutionConfigurationPlatforms) = preSolution
		Debug|Any CPU = Debug|Any CPU
		Release|Any CPU = Release|Any CPU
	EndGlobalSection
	GlobalSection(ProjectConfigurationPlatforms) = postSolution
		{AF2D3EA7-9419-0439-DF33-ED0DA921B9BB}.Debug|Any CPU.ActiveCfg = Debug|Any CPU
		{AF2D3EA7-9419-0439-DF33-ED0DA921B9BB}.Debug|Any CPU.Build.0 = Debug|Any CPU
		{AF2D3EA7-9419-0439-DF33-ED0DA921B9BB}.Release|Any CPU.ActiveCfg = Release|Any CPU
		{AF2D3EA7-9419-0439-DF33-ED0DA921B9BB}.Release|Any CPU.Build.0 = Release|Any CPU
	EndGlobalSection
	GlobalSection(SolutionProperties) = preSolution
		HideSolutionNode = FALSE
	EndGlobalSection
																																																						GlobalSection(MonoDevelopProperties) = preSolution
		StartupItem = Assembly-CSharp.csproj
		Policies = $0
		$0.TextStylePolicy = $1
		$1.inheritsSet = null
		$1.scope = text/x-csharp
		$0.CSharpFormattingPolicy = $2
		$2.inheritsSet = Mono
		$2.inheritsScope = text/x-csharp
		$2.scope = text/x-csharp
		$0.TextStylePolicy = $3
		$3.FileWidth = 120
		$3.TabWidth = 4
		$3.EolMarker = Unix
		$3.inheritsSet = Mono
		$3.inheritsScope = text/plain
		$3.scope = text/plain
	EndGlobalSection

EndGlobal
